// !$*UTF8*$!
{
	archiveVersion = 1;
	classes = {
	};
	objectVersion = 46;
	objects = {

/* Begin PBXBuildFile section */
		6C746ABB1A4AD3150011342F /* main.m in Sources */ = {isa = PBXBuildFile; fileRef = 6C746ABA1A4AD3150011342F /* main.m */; };
		6C746ABE1A4AD3150011342F /* AppDelegate.m in Sources */ = {isa = PBXBuildFile; fileRef = 6C746ABD1A4AD3150011342F /* AppDelegate.m */; };
		6C746AC11A4AD3150011342F /* ViewController.m in Sources */ = {isa = PBXBuildFile; fileRef = 6C746AC01A4AD3150011342F /* ViewController.m */; };
		6C746AC41A4AD3150011342F /* Main.storyboard in Resources */ = {isa = PBXBuildFile; fileRef = 6C746AC21A4AD3150011342F /* Main.storyboard */; };
		6C746AC61A4AD3150011342F /* Images.xcassets in Resources */ = {isa = PBXBuildFile; fileRef = 6C746AC51A4AD3150011342F /* Images.xcassets */; };
		6C746AC91A4AD3150011342F /* LaunchScreen.xib in Resources */ = {isa = PBXBuildFile; fileRef = 6C746AC71A4AD3150011342F /* LaunchScreen.xib */; };
		6C746AD51A4AD3150011342F /* BricksTests.m in Sources */ = {isa = PBXBuildFile; fileRef = 6C746AD41A4AD3150011342F /* BricksTests.m */; };
		6C746AE01A4AD3590011342F /* BricksClass.m in Sources */ = {isa = PBXBuildFile; fileRef = 6C746ADF1A4AD3590011342F /* BricksClass.m */; };
		6C746AE31A4AD3770011342F /* BallClass.m in Sources */ = {isa = PBXBuildFile; fileRef = 6C746AE21A4AD3770011342F /* BallClass.m */; };
		6C746AE61A4AD38A0011342F /* PaddleClass.m in Sources */ = {isa = PBXBuildFile; fileRef = 6C746AE51A4AD38A0011342F /* PaddleClass.m */; };
/* End PBXBuildFile section */

/* Begin PBXContainerItemProxy section */
		6C746ACF1A4AD3150011342F /* PBXContainerItemProxy */ = {
			isa = PBXContainerItemProxy;
			containerPortal = 6C746AAD1A4AD3150011342F /* Project object */;
			proxyType = 1;
			remoteGlobalIDString = 6C746AB41A4AD3150011342F;
			remoteInfo = Bricks;
		};
/* End PBXContainerItemProxy section */

/* Begin PBXFileReference section */
		6C746AB51A4AD3150011342F /* Bricks.app */ = {isa = PBXFileReference; explicitFileType = wrapper.application; includeInIndex = 0; path = Bricks.app; sourceTree = BUILT_PRODUCTS_DIR; };
		6C746AB91A4AD3150011342F /* Info.plist */ = {isa = PBXFileReference; lastKnownFileType = text.plist.xml; path = Info.plist; sourceTree = "<group>"; };
		6C746ABA1A4AD3150011342F /* main.m */ = {isa = PBXFileReference; lastKnownFileType = sourcecode.c.objc; path = main.m; sourceTree = "<group>"; };
		6C746ABC1A4AD3150011342F /* AppDelegate.h */ = {isa = PBXFileReference; lastKnownFileType = sourcecode.c.h; path = AppDelegate.h; sourceTree = "<group>"; };
		6C746ABD1A4AD3150011342F /* AppDelegate.m */ = {isa = PBXFileReference; lastKnownFileType = sourcecode.c.objc; path = AppDelegate.m; sourceTree = "<group>"; };
		6C746ABF1A4AD3150011342F /* ViewController.h */ = {isa = PBXFileReference; lastKnownFileType = sourcecode.c.h; path = ViewController.h; sourceTree = "<group>"; };
		6C746AC01A4AD3150011342F /* ViewController.m */ = {isa = PBXFileReference; lastKnownFileType = sourcecode.c.objc; path = ViewController.m; sourceTree = "<group>"; };
		6C746AC31A4AD3150011342F /* Base */ = {isa = PBXFileReference; lastKnownFileType = file.storyboard; name = Base; path = Base.lproj/Main.storyboard; sourceTree = "<group>"; };
		6C746AC51A4AD3150011342F /* Images.xcassets */ = {isa = PBXFileReference; lastKnownFileType = folder.assetcatalog; path = Images.xcassets; sourceTree = "<group>"; };
		6C746AC81A4AD3150011342F /* Base */ = {isa = PBXFileReference; lastKnownFileType = file.xib; name = Base; path = Base.lproj/LaunchScreen.xib; sourceTree = "<group>"; };
		6C746ACE1A4AD3150011342F /* BricksTests.xctest */ = {isa = PBXFileReference; explicitFileType = wrapper.cfbundle; includeInIndex = 0; path = BricksTests.xctest; sourceTree = BUILT_PRODUCTS_DIR; };
		6C746AD31A4AD3150011342F /* Info.plist */ = {isa = PBXFileReference; lastKnownFileType = text.plist.xml; path = Info.plist; sourceTree = "<group>"; };
		6C746AD41A4AD3150011342F /* BricksTests.m */ = {isa = PBXFileReference; lastKnownFileType = sourcecode.c.objc; path = BricksTests.m; sourceTree = "<group>"; };
		6C746ADE1A4AD3590011342F /* BricksClass.h */ = {isa = PBXFileReference; fileEncoding = 4; lastKnownFileType = sourcecode.c.h; path = BricksClass.h; sourceTree = "<group>"; };
		6C746ADF1A4AD3590011342F /* BricksClass.m */ = {isa = PBXFileReference; fileEncoding = 4; lastKnownFileType = sourcecode.c.objc; path = BricksClass.m; sourceTree = "<group>"; };
		6C746AE11A4AD3770011342F /* BallClass.h */ = {isa = PBXFileReference; fileEncoding = 4; lastKnownFileType = sourcecode.c.h; path = BallClass.h; sourceTree = "<group>"; };
		6C746AE21A4AD3770011342F /* BallClass.m */ = {isa = PBXFileReference; fileEncoding = 4; lastKnownFileType = sourcecode.c.objc; path = BallClass.m; sourceTree = "<group>"; };
		6C746AE41A4AD38A0011342F /* PaddleClass.h */ = {isa = PBXFileReference; fileEncoding = 4; lastKnownFileType = sourcecode.c.h; path = PaddleClass.h; sourceTree = "<group>"; };
		6C746AE51A4AD38A0011342F /* PaddleClass.m */ = {isa = PBXFileReference; fileEncoding = 4; lastKnownFileType = sourcecode.c.objc; path = PaddleClass.m; sourceTree = "<group>"; };
/* End PBXFileReference section */

/* Begin PBXFrameworksBuildPhase section */
		6C746AB21A4AD3150011342F /* Frameworks */ = {
			isa = PBXFrameworksBuildPhase;
			buildActionMask = 2147483647;
			files = (
			);
			runOnlyForDeploymentPostprocessing = 0;
		};
		6C746ACB1A4AD3150011342F /* Frameworks */ = {
			isa = PBXFrameworksBuildPhase;
			buildActionMask = 2147483647;
			files = (
			);
			runOnlyForDeploymentPostprocessing = 0;
		};
/* End PBXFrameworksBuildPhase section */

/* Begin PBXGroup section */
		6C746AAC1A4AD3150011342F = {
			isa = PBXGroup;
			children = (
				6C746AB71A4AD3150011342F /* Bricks */,
				6C746AD11A4AD3150011342F /* BricksTests */,
				6C746AB61A4AD3150011342F /* Products */,
			);
			sourceTree = "<group>";
		};
		6C746AB61A4AD3150011342F /* Products */ = {
			isa = PBXGroup;
			children = (
				6C746AB51A4AD3150011342F /* Bricks.app */,
				6C746ACE1A4AD3150011342F /* BricksTests.xctest */,
			);
			name = Products;
			sourceTree = "<group>";
		};
		6C746AB71A4AD3150011342F /* Bricks */ = {
			isa = PBXGroup;
			children = (
				6C746ABC1A4AD3150011342F /* AppDelegate.h */,
				6C746ABD1A4AD3150011342F /* AppDelegate.m */,
				6C746ABF1A4AD3150011342F /* ViewController.h */,
				6C746AC01A4AD3150011342F /* ViewController.m */,
				6C746AC21A4AD3150011342F /* Main.storyboard */,
				6C746ADE1A4AD3590011342F /* BricksClass.h */,
				6C746ADF1A4AD3590011342F /* BricksClass.m */,
				6C746AE11A4AD3770011342F /* BallClass.h */,
				6C746AE21A4AD3770011342F /* BallClass.m */,
				6C746AE41A4AD38A0011342F /* PaddleClass.h */,
				6C746AE51A4AD38A0011342F /* PaddleClass.m */,
				6C746AC51A4AD3150011342F /* Images.xcassets */,
				6C746AC71A4AD3150011342F /* LaunchScreen.xib */,
				6C746AB81A4AD3150011342F /* Supporting Files */,
			);
			path = Bricks;
			sourceTree = "<group>";
		};
		6C746AB81A4AD3150011342F /* Supporting Files */ = {
			isa = PBXGroup;
			children = (
				6C746AB91A4AD3150011342F /* Info.plist */,
				6C746ABA1A4AD3150011342F /* main.m */,
			);
			name = "Supporting Files";
			sourceTree = "<group>";
		};
		6C746AD11A4AD3150011342F /* BricksTests */ = {
			isa = PBXGroup;
			children = (
				6C746AD41A4AD3150011342F /* BricksTests.m */,
				6C746AD21A4AD3150011342F /* Supporting Files */,
			);
			path = BricksTests;
			sourceTree = "<group>";
		};
		6C746AD21A4AD3150011342F /* Supporting Files */ = {
			isa = PBXGroup;
			children = (
				6C746AD31A4AD3150011342F /* Info.plist */,
			);
			name = "Supporting Files";
			sourceTree = "<group>";
		};
/* End PBXGroup section */

/* Begin PBXNativeTarget section */
		6C746AB41A4AD3150011342F /* Bricks */ = {
			isa = PBXNativeTarget;
			buildConfigurationList = 6C746AD81A4AD3150011342F /* Build configuration list for PBXNativeTarget "Bricks" */;
			buildPhases = (
				6C746AB11A4AD3150011342F /* Sources */,
				6C746AB21A4AD3150011342F /* Frameworks */,
				6C746AB31A4AD3150011342F /* Resources */,
			);
			buildRules = (
			);
			dependencies = (
			);
			name = Bricks;
			productName = Bricks;
			productReference = 6C746AB51A4AD3150011342F /* Bricks.app */;
			productType = "com.apple.product-type.application";
		};
		6C746ACD1A4AD3150011342F /* BricksTests */ = {
			isa = PBXNativeTarget;
			buildConfigurationList = 6C746ADB1A4AD3150011342F /* Build configuration list for PBXNativeTarget "BricksTests" */;
			buildPhases = (
				6C746ACA1A4AD3150011342F /* Sources */,
				6C746ACB1A4AD3150011342F /* Frameworks */,
				6C746ACC1A4AD3150011342F /* Resources */,
			);
			buildRules = (
			);
			dependencies = (
				6C746AD01A4AD3150011342F /* PBXTargetDependency */,
			);
			name = BricksTests;
			productName = BricksTests;
			productReference = 6C746ACE1A4AD3150011342F /* BricksTests.xctest */;
			productType = "com.apple.product-type.bundle.unit-test";
		};
/* End PBXNativeTarget section */

/* Begin PBXProject section */
		6C746AAD1A4AD3150011342F /* Project object */ = {
			isa = PBXProject;
			attributes = {
				LastUpgradeCheck = 0610;
				ORGANIZATIONNAME = ABS;
				TargetAttributes = {
					6C746AB41A4AD3150011342F = {
						CreatedOnToolsVersion = 6.1;
					};
					6C746ACD1A4AD3150011342F = {
						CreatedOnToolsVersion = 6.1;
						TestTargetID = 6C746AB41A4AD3150011342F;
					};
				};
			};
			buildConfigurationList = 6C746AB01A4AD3150011342F /* Build configuration list for PBXProject "Bricks" */;
			compatibilityVersion = "Xcode 3.2";
			developmentRegion = English;
			hasScannedForEncodings = 0;
			knownRegions = (
				en,
				Base,
			);
			mainGroup = 6C746AAC1A4AD3150011342F;
			productRefGroup = 6C746AB61A4AD3150011342F /* Products */;
			projectDirPath = "";
			projectRoot = "";
			targets = (
				6C746AB41A4AD3150011342F /* Bricks */,
				6C746ACD1A4AD3150011342F /* BricksTests */,
			);
		};
/* End PBXProject section */

/* Begin PBXResourcesBuildPhase section */
		6C746AB31A4AD3150011342F /* Resources */ = {
			isa = PBXResourcesBuildPhase;
			buildActionMask = 2147483647;
			files = (
				6C746AC41A4AD3150011342F /* Main.storyboard in Resources */,
				6C746AC91A4AD3150011342F /* LaunchScreen.xib in Resources */,
				6C746AC61A4AD3150011342F /* Images.xcassets in Resources */,
			);
			runOnlyForDeploymentPostprocessing = 0;
		};
		6C746ACC1A4AD3150011342F /* Resources */ = {
			isa = PBXResourcesBuildPhase;
			buildActionMask = 2147483647;
			files = (
			);
			runOnlyForDeploymentPostprocessing = 0;
		};
/* End PBXResourcesBuildPhase section */

/* Begin PBXSourcesBuildPhase section */
		6C746AB11A4AD3150011342F /* Sources */ = {
			isa = PBXSourcesBuildPhase;
			buildActionMask = 2147483647;
			files = (
				6C746AE01A4AD3590011342F /* BricksClass.m in Sources */,
				6C746AE31A4AD3770011342F /* BallClass.m in Sources */,
				6C746AE61A4AD38A0011342F /* PaddleClass.m in Sources */,
				6C746AC11A4AD3150011342F /* ViewController.m in Sources */,
				6C746ABE1A4AD3150011342F /* AppDelegate.m in Sources */,
				6C746ABB1A4AD3150011342F /* main.m in Sources */,
			);
			runOnlyForDeploymentPostprocessing = 0;
		};
		6C746ACA1A4AD3150011342F /* Sources */ = {
			isa = PBXSourcesBuildPhase;
			buildActionMask = 2147483647;
			files = (
				6C746AD51A4AD3150011342F /* BricksTests.m in Sources */,
			);
			runOnlyForDeploymentPostprocessing = 0;
		};
/* End PBXSourcesBuildPhase section */

/* Begin PBXTargetDependency section */
		6C746AD01A4AD3150011342F /* PBXTargetDependency */ = {
			isa = PBXTargetDependency;
			target = 6C746AB41A4AD3150011342F /* Bricks */;
			targetProxy = 6C746ACF1A4AD3150011342F /* PBXContainerItemProxy */;
		};
/* End PBXTargetDependency section */

/* Begin PBXVariantGroup section */
		6C746AC21A4AD3150011342F /* Main.storyboard */ = {
			isa = PBXVariantGroup;
			children = (
				6C746AC31A4AD3150011342F /* Base */,
			);
			name = Main.storyboard;
			sourceTree = "<group>";
		};
		6C746AC71A4AD3150011342F /* LaunchScreen.xib */ = {
			isa = PBXVariantGroup;
			children = (
				6C746AC81A4AD3150011342F /* Base */,
			);
			name = LaunchScreen.xib;
			sourceTree = "<group>";
		};
/* End PBXVariantGroup section */

/* Begin XCBuildConfiguration section */
		6C746AD61A4AD3150011342F /* Debug */ = {
			isa = XCBuildConfiguration;
			buildSettings = {
				ALWAYS_SEARCH_USER_PATHS = NO;
				CLANG_CXX_LANGUAGE_STANDARD = "gnu++0x";
				CLANG_CXX_LIBRARY = "libc++";
				CLANG_ENABLE_MODULES = YES;
				CLANG_ENABLE_OBJC_ARC = YES;
				CLANG_WARN_BOOL_CONVERSION = YES;
				CLANG_WARN_CONSTANT_CONVERSION = YES;
				CLANG_WARN_DIRECT_OBJC_ISA_USAGE = YES_ERROR;
				CLANG_WARN_EMPTY_BODY = YES;
				CLANG_WARN_ENUM_CONVERSION = YES;
				CLANG_WARN_INT_CONVERSION = YES;
				CLANG_WARN_OBJC_ROOT_CLASS = YES_ERROR;
				CLANG_WARN_UNREACHABLE_CODE = YES;
				CLANG_WARN__DUPLICATE_METHOD_MATCH = YES;
				"CODE_SIGN_IDENTITY[sdk=iphoneos*]" = "iPhone Developer";
				COPY_PHASE_STRIP = NO;
				ENABLE_STRICT_OBJC_MSGSEND = YES;
				GCC_C_LANGUAGE_STANDARD = gnu99;
				GCC_DYNAMIC_NO_PIC = NO;
				GCC_OPTIMIZATION_LEVEL = 0;
				GCC_PREPROCESSOR_DEFINITIONS = (
					"DEBUG=1",
					"$(inherited)",
				);
				GCC_SYMBOLS_PRIVATE_EXTERN = NO;
				GCC_WARN_64_TO_32_BIT_CONVERSION = YES;
				GCC_WARN_ABOUT_RETURN_TYPE = YES_ERROR;
				GCC_WARN_UNDECLARED_SELECTOR = YES;
				GCC_WARN_UNINITIALIZED_AUTOS = YES_AGGRESSIVE;
				GCC_WARN_UNUSED_FUNCTION = YES;
				GCC_WARN_UNUSED_VARIABLE = YES;
				IPHONEOS_DEPLOYMENT_TARGET = 7.1;
				MTL_ENABLE_DEBUG_INFO = YES;
				ONLY_ACTIVE_ARCH = YES;
				SDKROOT = iphoneos;
			};
			name = Debug;
		};
		6C746AD71A4AD3150011342F /* Release */ = {
			isa = XCBuildConfiguration;
			buildSettings = {
				ALWAYS_SEARCH_USER_PATHS = NO;
				CLANG_CXX_LANGUAGE_STANDARD = "gnu++0x";
				CLANG_CXX_LIBRARY = "libc++";
				CLANG_ENABLE_MODULES = YES;
				CLANG_ENABLE_OBJC_ARC = YES;
				CLANG_WARN_BOOL_CONVERSION = YES;
				CLANG_WARN_CONSTANT_CONVERSION = YES;
				CLANG_WARN_DIRECT_OBJC_ISA_USAGE = YES_ERROR;
				CLANG_WARN_EMPTY_BODY = YES;
				CLANG_WARN_ENUM_CONVERSION = YES;
				CLANG_WARN_INT_CONVERSION = YES;
				CLANG_WARN_OBJC_ROOT_CLASS = YES_ERROR;
				CLANG_WARN_UNREACHABLE_CODE = YES;
				CLANG_WARN__DUPLICATE_METHOD_MATCH = YES;
				"CODE_SIGN_IDENTITY[sdk=iphoneos*]" = "iPhone Developer";
				COPY_PHASE_STRIP = YES;
				ENABLE_NS_ASSERTIONS = NO;
				ENABLE_STRICT_OBJC_MSGSEND = YES;
				GCC_C_LANGUAGE_STANDARD = gnu99;
				GCC_WARN_64_TO_32_BIT_CONVERSION = YES;
				GCC_WARN_ABOUT_RETURN_TYPE = YES_ERROR;
				GCC_WARN_UNDECLARED_SELECTOR = YES;
				GCC_WARN_UNINITIALIZED_AUTOS = YES_AGGRESSIVE;
				GCC_WARN_UNUSED_FUNCTION = YES;
				GCC_WARN_UNUSED_VARIABLE = YES;
				IPHONEOS_DEPLOYMENT_TARGET = 7.1;
				MTL_ENABLE_DEBUG_INFO = NO;
				SDKROOT = iphoneos;
				VALIDATE_PRODUCT = YES;
			};
			name = Release;
		};
		6C746AD91A4AD3150011342F /* Debug */ = {
			isa = XCBuildConfiguration;
			buildSettings = {
				ASSETCATALOG_COMPILER_APPICON_NAME = AppIcon;
				INFOPLIST_FILE = Bricks/Info.plist;
				IPHONEOS_DEPLOYMENT_TARGET = 7.1;
				LD_RUNPATH_SEARCH_PATHS = "$(inherited) @executable_path/Frameworks";
				PRODUCT_NAME = "$(TARGET_NAME)";
			};
			name = Debug;
		};
		6C746ADA1A4AD3150011342F /* Release */ = {
			isa = XCBuildConfiguration;
			buildSettings = {
				ASSETCATALOG_COMPILER_APPICON_NAME = AppIcon;
				INFOPLIST_FILE = Bricks/Info.plist;
				IPHONEOS_DEPLOYMENT_TARGET = 7.1;
				LD_RUNPATH_SEARCH_PATHS = "$(inherited) @executable_path/Frameworks";
				PRODUCT_NAME = "$(TARGET_NAME)";
			};
			name = Release;
		};
		6C746ADC1A4AD3150011342F /* Debug */ = {
			isa = XCBuildConfiguration;
			buildSettings = {
				BUNDLE_LOADER = "$(TEST_HOST)";
				FRAMEWORK_SEARCH_PATHS = (
					"$(SDKROOT)/Developer/Library/Frameworks",
					"$(inherited)",
				);
				GCC_PREPROCESSOR_DEFINITIONS = (
					"DEBUG=1",
					"$(inherited)",
				);
				INFOPLIST_FILE = BricksTests/Info.plist;
				LD_RUNPATH_SEARCH_PATHS = "$(inherited) @executable_path/Frameworks @loader_path/Frameworks";
				PRODUCT_NAME = "$(TARGET_NAME)";
				TEST_HOST = "$(BUILT_PRODUCTS_DIR)/Bricks.app/Bricks";
			};
			name = Debug;
		};
		6C746ADD1A4AD3150011342F /* Release */ = {
			isa = XCBuildConfiguration;
			buildSettings = {
				BUNDLE_LOADER = "$(TEST_HOST)";
				FRAMEWORK_SEARCH_PATHS = (
					"$(SDKROOT)/Developer/Library/Frameworks",
					"$(inherited)",
				);
				INFOPLIST_FILE = BricksTests/Info.plist;
				LD_RUNPATH_SEARCH_PATHS = "$(inherited) @executable_path/Frameworks @loader_path/Frameworks";
				PRODUCT_NAME = "$(TARGET_NAME)";
				TEST_HOST = "$(BUILT_PRODUCTS_DIR)/Bricks.app/Bricks";
			};
			name = Release;
		};
/* End XCBuildConfiguration section */

/* Begin XCConfigurationList section */
		6C746AB01A4AD3150011342F /* Build configuration list for PBXProject "Bricks" */ = {
			isa = XCConfigurationList;
			buildConfigurations = (
				6C746AD61A4AD3150011342F /* Debug */,
				6C746AD71A4AD3150011342F /* Release */,
			);
			defaultConfigurationIsVisible = 0;
			defaultConfigurationName = Release;
		};
		6C746AD81A4AD3150011342F /* Build configuration list for PBXNativeTarget "Bricks" */ = {
			isa = XCConfigurationList;
			buildConfigurations = (
				6C746AD91A4AD3150011342F /* Debug */,
				6C746ADA1A4AD3150011342F /* Release */,
			);
			defaultConfigurationIsVisible = 0;
			defaultConfigurationName = Release;
		};
		6C746ADB1A4AD3150011342F /* Build configuration list for PBXNativeTarget "BricksTests" */ = {
			isa = XCConfigurationList;
			buildConfigurations = (
				6C746ADC1A4AD3150011342F /* Debug */,
				6C746ADD1A4AD3150011342F /* Release */,
			);
			defaultConfigurationIsVisible = 0;
			defaultConfigurationName = Release;
		};
/* End XCConfigurationList section */
	};
	rootObject = 6C746AAD1A4AD3150011342F /* Project object */;
}
